// !$*UTF8*$!
{
	archiveVersion = 1;
	classes = {
	};
	objectVersion = 46;
	objects = {

/* Begin PBXBuildFile section */
		3FA1BDC65B67BF62BE670A30 /* libPods-AcronymSearchUITests.a in Frameworks */ = {isa = PBXBuildFile; fileRef = 95C533628116CD6C65368AB6 /* libPods-AcronymSearchUITests.a */; };
		A2133D38D847B7F9452EB7DC /* libPods-AcronymSearch.a in Frameworks */ = {isa = PBXBuildFile; fileRef = 696126E84DA0619B86428A2E /* libPods-AcronymSearch.a */; };
		DF12DC9709258C4DDC95A619 /* libPods-AcronymSearchTests.a in Frameworks */ = {isa = PBXBuildFile; fileRef = E22D1C765D435D809BD0681F /* libPods-AcronymSearchTests.a */; };
		F9115F511F2D5A5100F6D52A /* main.m in Sources */ = {isa = PBXBuildFile; fileRef = F9115F501F2D5A5100F6D52A /* main.m */; };
		F9115F541F2D5A5100F6D52A /* AppDelegate.m in Sources */ = {isa = PBXBuildFile; fileRef = F9115F531F2D5A5100F6D52A /* AppDelegate.m */; };
		F9115F571F2D5A5100F6D52A /* ViewController.m in Sources */ = {isa = PBXBuildFile; fileRef = F9115F561F2D5A5100F6D52A /* ViewController.m */; };
		F9115F5A1F2D5A5100F6D52A /* Main.storyboard in Resources */ = {isa = PBXBuildFile; fileRef = F9115F581F2D5A5100F6D52A /* Main.storyboard */; };
		F9115F5C1F2D5A5100F6D52A /* Assets.xcassets in Resources */ = {isa = PBXBuildFile; fileRef = F9115F5B1F2D5A5100F6D52A /* Assets.xcassets */; };
		F9115F5F1F2D5A5100F6D52A /* LaunchScreen.storyboard in Resources */ = {isa = PBXBuildFile; fileRef = F9115F5D1F2D5A5100F6D52A /* LaunchScreen.storyboard */; };
		F9115F6A1F2D5A5100F6D52A /* AcronymSearchTests.m in Sources */ = {isa = PBXBuildFile; fileRef = F9115F691F2D5A5100F6D52A /* AcronymSearchTests.m */; };
		F9115F751F2D5A5100F6D52A /* AcronymSearchUITests.m in Sources */ = {isa = PBXBuildFile; fileRef = F9115F741F2D5A5100F6D52A /* AcronymSearchUITests.m */; };
		F9115F881F2D5BAE00F6D52A /* SearchField.m in Sources */ = {isa = PBXBuildFile; fileRef = F9115F861F2D5BAE00F6D52A /* SearchField.m */; };
		F9115F8E1F2D63CC00F6D52A /* AcromineSearchResult.m in Sources */ = {isa = PBXBuildFile; fileRef = F9115F8D1F2D63CC00F6D52A /* AcromineSearchResult.m */; };
		F9115F911F2D66A500F6D52A /* AcronymHelper.m in Sources */ = {isa = PBXBuildFile; fileRef = F9115F901F2D66A500F6D52A /* AcronymHelper.m */; };
		F911B65F1F2E5363001B72BA /* LongFormObject.m in Sources */ = {isa = PBXBuildFile; fileRef = F911B65E1F2E5363001B72BA /* LongFormObject.m */; };
		F911B6621F2E71AA001B72BA /* DetailViewController.m in Sources */ = {isa = PBXBuildFile; fileRef = F911B6611F2E71AA001B72BA /* DetailViewController.m */; };
		F95BF47A1F2E16C400AC21CC /* SearchField.xib in Resources */ = {isa = PBXBuildFile; fileRef = F95BF4791F2E16C400AC21CC /* SearchField.xib */; };
		F978DF151F2D6CD500F7818D /* MBProgressHUD.m in Sources */ = {isa = PBXBuildFile; fileRef = F978DF141F2D6CD500F7818D /* MBProgressHUD.m */; };
		F978DF181F2D776500F7818D /* NetworkController.m in Sources */ = {isa = PBXBuildFile; fileRef = F978DF171F2D776500F7818D /* NetworkController.m */; };
/* End PBXBuildFile section */

/* Begin PBXContainerItemProxy section */
		F9115F661F2D5A5100F6D52A /* PBXContainerItemProxy */ = {
			isa = PBXContainerItemProxy;
			containerPortal = F9115F441F2D5A5000F6D52A /* Project object */;
			proxyType = 1;
			remoteGlobalIDString = F9115F4B1F2D5A5100F6D52A;
			remoteInfo = AcronymSearch;
		};
		F9115F711F2D5A5100F6D52A /* PBXContainerItemProxy */ = {
			isa = PBXContainerItemProxy;
			containerPortal = F9115F441F2D5A5000F6D52A /* Project object */;
			proxyType = 1;
			remoteGlobalIDString = F9115F4B1F2D5A5100F6D52A;
			remoteInfo = AcronymSearch;
		};
/* End PBXContainerItemProxy section */

/* Begin PBXFileReference section */
		57836DB3AB9C47E305DC0A5A /* Pods-AcronymSearchUITests.release.xcconfig */ = {isa = PBXFileReference; includeInIndex = 1; lastKnownFileType = text.xcconfig; name = "Pods-AcronymSearchUITests.release.xcconfig"; path = "Pods/Target Support Files/Pods-AcronymSearchUITests/Pods-AcronymSearchUITests.release.xcconfig"; sourceTree = "<group>"; };
		696126E84DA0619B86428A2E /* libPods-AcronymSearch.a */ = {isa = PBXFileReference; explicitFileType = archive.ar; includeInIndex = 0; path = "libPods-AcronymSearch.a"; sourceTree = BUILT_PRODUCTS_DIR; };
		6BD1B31D05B1EADAB41DCE23 /* Pods-AcronymSearch.debug.xcconfig */ = {isa = PBXFileReference; includeInIndex = 1; lastKnownFileType = text.xcconfig; name = "Pods-AcronymSearch.debug.xcconfig"; path = "Pods/Target Support Files/Pods-AcronymSearch/Pods-AcronymSearch.debug.xcconfig"; sourceTree = "<group>"; };
		6DA439AF3F40B200B77FF233 /* Pods-AcronymSearch.release.xcconfig */ = {isa = PBXFileReference; includeInIndex = 1; lastKnownFileType = text.xcconfig; name = "Pods-AcronymSearch.release.xcconfig"; path = "Pods/Target Support Files/Pods-AcronymSearch/Pods-AcronymSearch.release.xcconfig"; sourceTree = "<group>"; };
		90D104A1BD1815CEECF9FA67 /* Pods-AcronymSearchTests.release.xcconfig */ = {isa = PBXFileReference; includeInIndex = 1; lastKnownFileType = text.xcconfig; name = "Pods-AcronymSearchTests.release.xcconfig"; path = "Pods/Target Support Files/Pods-AcronymSearchTests/Pods-AcronymSearchTests.release.xcconfig"; sourceTree = "<group>"; };
		95C533628116CD6C65368AB6 /* libPods-AcronymSearchUITests.a */ = {isa = PBXFileReference; explicitFileType = archive.ar; includeInIndex = 0; path = "libPods-AcronymSearchUITests.a"; sourceTree = BUILT_PRODUCTS_DIR; };
		98D06DAA01A87C577E0AA62E /* Pods-AcronymSearchTests.debug.xcconfig */ = {isa = PBXFileReference; includeInIndex = 1; lastKnownFileType = text.xcconfig; name = "Pods-AcronymSearchTests.debug.xcconfig"; path = "Pods/Target Support Files/Pods-AcronymSearchTests/Pods-AcronymSearchTests.debug.xcconfig"; sourceTree = "<group>"; };
		E22D1C765D435D809BD0681F /* libPods-AcronymSearchTests.a */ = {isa = PBXFileReference; explicitFileType = archive.ar; includeInIndex = 0; path = "libPods-AcronymSearchTests.a"; sourceTree = BUILT_PRODUCTS_DIR; };
		E250B55CD703C87391973A35 /* Pods-AcronymSearchUITests.debug.xcconfig */ = {isa = PBXFileReference; includeInIndex = 1; lastKnownFileType = text.xcconfig; name = "Pods-AcronymSearchUITests.debug.xcconfig"; path = "Pods/Target Support Files/Pods-AcronymSearchUITests/Pods-AcronymSearchUITests.debug.xcconfig"; sourceTree = "<group>"; };
		F9115F4C1F2D5A5100F6D52A /* AcronymSearch.app */ = {isa = PBXFileReference; explicitFileType = wrapper.application; includeInIndex = 0; path = AcronymSearch.app; sourceTree = BUILT_PRODUCTS_DIR; };
		F9115F501F2D5A5100F6D52A /* main.m */ = {isa = PBXFileReference; lastKnownFileType = sourcecode.c.objc; path = main.m; sourceTree = "<group>"; };
		F9115F521F2D5A5100F6D52A /* AppDelegate.h */ = {isa = PBXFileReference; lastKnownFileType = sourcecode.c.h; path = AppDelegate.h; sourceTree = "<group>"; };
		F9115F531F2D5A5100F6D52A /* AppDelegate.m */ = {isa = PBXFileReference; lastKnownFileType = sourcecode.c.objc; path = AppDelegate.m; sourceTree = "<group>"; };
		F9115F551F2D5A5100F6D52A /* ViewController.h */ = {isa = PBXFileReference; lastKnownFileType = sourcecode.c.h; path = ViewController.h; sourceTree = "<group>"; };
		F9115F561F2D5A5100F6D52A /* ViewController.m */ = {isa = PBXFileReference; lastKnownFileType = sourcecode.c.objc; path = ViewController.m; sourceTree = "<group>"; };
		F9115F591F2D5A5100F6D52A /* Base */ = {isa = PBXFileReference; lastKnownFileType = file.storyboard; name = Base; path = Base.lproj/Main.storyboard; sourceTree = "<group>"; };
		F9115F5B1F2D5A5100F6D52A /* Assets.xcassets */ = {isa = PBXFileReference; lastKnownFileType = folder.assetcatalog; path = Assets.xcassets; sourceTree = "<group>"; };
		F9115F5E1F2D5A5100F6D52A /* Base */ = {isa = PBXFileReference; lastKnownFileType = file.storyboard; name = Base; path = Base.lproj/LaunchScreen.storyboard; sourceTree = "<group>"; };
		F9115F601F2D5A5100F6D52A /* Info.plist */ = {isa = PBXFileReference; lastKnownFileType = text.plist.xml; path = Info.plist; sourceTree = "<group>"; };
		F9115F651F2D5A5100F6D52A /* AcronymSearchTests.xctest */ = {isa = PBXFileReference; explicitFileType = wrapper.cfbundle; includeInIndex = 0; path = AcronymSearchTests.xctest; sourceTree = BUILT_PRODUCTS_DIR; };
		F9115F691F2D5A5100F6D52A /* AcronymSearchTests.m */ = {isa = PBXFileReference; lastKnownFileType = sourcecode.c.objc; path = AcronymSearchTests.m; sourceTree = "<group>"; };
		F9115F6B1F2D5A5100F6D52A /* Info.plist */ = {isa = PBXFileReference; lastKnownFileType = text.plist.xml; path = Info.plist; sourceTree = "<group>"; };
		F9115F701F2D5A5100F6D52A /* AcronymSearchUITests.xctest */ = {isa = PBXFileReference; explicitFileType = wrapper.cfbundle; includeInIndex = 0; path = AcronymSearchUITests.xctest; sourceTree = BUILT_PRODUCTS_DIR; };
		F9115F741F2D5A5100F6D52A /* AcronymSearchUITests.m */ = {isa = PBXFileReference; lastKnownFileType = sourcecode.c.objc; path = AcronymSearchUITests.m; sourceTree = "<group>"; };
		F9115F761F2D5A5100F6D52A /* Info.plist */ = {isa = PBXFileReference; lastKnownFileType = text.plist.xml; path = Info.plist; sourceTree = "<group>"; };
		F9115F851F2D5BAE00F6D52A /* SearchField.h */ = {isa = PBXFileReference; fileEncoding = 4; lastKnownFileType = sourcecode.c.h; name = SearchField.h; path = ../SearchField.h; sourceTree = "<group>"; };
		F9115F861F2D5BAE00F6D52A /* SearchField.m */ = {isa = PBXFileReference; fileEncoding = 4; lastKnownFileType = sourcecode.c.objc; name = SearchField.m; path = ../SearchField.m; sourceTree = "<group>"; };
		F9115F8C1F2D63BC00F6D52A /* AcromineSearchResult.h */ = {isa = PBXFileReference; fileEncoding = 4; lastKnownFileType = sourcecode.c.h; path = AcromineSearchResult.h; sourceTree = "<group>"; };
		F9115F8D1F2D63CC00F6D52A /* AcromineSearchResult.m */ = {isa = PBXFileReference; fileEncoding = 4; lastKnownFileType = sourcecode.c.objc; path = AcromineSearchResult.m; sourceTree = "<group>"; };
		F9115F8F1F2D66A500F6D52A /* AcronymHelper.h */ = {isa = PBXFileReference; fileEncoding = 4; lastKnownFileType = sourcecode.c.h; path = AcronymHelper.h; sourceTree = "<group>"; };
		F9115F901F2D66A500F6D52A /* AcronymHelper.m */ = {isa = PBXFileReference; fileEncoding = 4; lastKnownFileType = sourcecode.c.objc; path = AcronymHelper.m; sourceTree = "<group>"; };
		F911B65D1F2E5363001B72BA /* LongFormObject.h */ = {isa = PBXFileReference; fileEncoding = 4; lastKnownFileType = sourcecode.c.h; path = LongFormObject.h; sourceTree = "<group>"; };
		F911B65E1F2E5363001B72BA /* LongFormObject.m */ = {isa = PBXFileReference; fileEncoding = 4; lastKnownFileType = sourcecode.c.objc; path = LongFormObject.m; sourceTree = "<group>"; };
		F911B6601F2E71AA001B72BA /* DetailViewController.h */ = {isa = PBXFileReference; fileEncoding = 4; lastKnownFileType = sourcecode.c.h; path = DetailViewController.h; sourceTree = "<group>"; };
		F911B6611F2E71AA001B72BA /* DetailViewController.m */ = {isa = PBXFileReference; fileEncoding = 4; lastKnownFileType = sourcecode.c.objc; path = DetailViewController.m; sourceTree = "<group>"; };
		F95BF4791F2E16C400AC21CC /* SearchField.xib */ = {isa = PBXFileReference; fileEncoding = 4; lastKnownFileType = file.xib; path = SearchField.xib; sourceTree = "<group>"; };
		F978DF131F2D6CD500F7818D /* MBProgressHUD.h */ = {isa = PBXFileReference; fileEncoding = 4; lastKnownFileType = sourcecode.c.h; path = MBProgressHUD.h; sourceTree = "<group>"; };
		F978DF141F2D6CD500F7818D /* MBProgressHUD.m */ = {isa = PBXFileReference; fileEncoding = 4; lastKnownFileType = sourcecode.c.objc; path = MBProgressHUD.m; sourceTree = "<group>"; };
		F978DF161F2D776500F7818D /* NetworkController.h */ = {isa = PBXFileReference; fileEncoding = 4; lastKnownFileType = sourcecode.c.h; path = NetworkController.h; sourceTree = "<group>"; };
		F978DF171F2D776500F7818D /* NetworkController.m */ = {isa = PBXFileReference; fileEncoding = 4; lastKnownFileType = sourcecode.c.objc; path = NetworkController.m; sourceTree = "<group>"; };
/* End PBXFileReference section */

/* Begin PBXFrameworksBuildPhase section */
		F9115F491F2D5A5100F6D52A /* Frameworks */ = {
			isa = PBXFrameworksBuildPhase;
			buildActionMask = 2147483647;
			files = (
				A2133D38D847B7F9452EB7DC /* libPods-AcronymSearch.a in Frameworks */,
			);
			runOnlyForDeploymentPostprocessing = 0;
		};
		F9115F621F2D5A5100F6D52A /* Frameworks */ = {
			isa = PBXFrameworksBuildPhase;
			buildActionMask = 2147483647;
			files = (
				DF12DC9709258C4DDC95A619 /* libPods-AcronymSearchTests.a in Frameworks */,
			);
			runOnlyForDeploymentPostprocessing = 0;
		};
		F9115F6D1F2D5A5100F6D52A /* Frameworks */ = {
			isa = PBXFrameworksBuildPhase;
			buildActionMask = 2147483647;
			files = (
				3FA1BDC65B67BF62BE670A30 /* libPods-AcronymSearchUITests.a in Frameworks */,
			);
			runOnlyForDeploymentPostprocessing = 0;
		};
/* End PBXFrameworksBuildPhase section */

/* Begin PBXGroup section */
		360A456C131080F2B6685EB4 /* Pods */ = {
			isa = PBXGroup;
			children = (
				6BD1B31D05B1EADAB41DCE23 /* Pods-AcronymSearch.debug.xcconfig */,
				6DA439AF3F40B200B77FF233 /* Pods-AcronymSearch.release.xcconfig */,
				98D06DAA01A87C577E0AA62E /* Pods-AcronymSearchTests.debug.xcconfig */,
				90D104A1BD1815CEECF9FA67 /* Pods-AcronymSearchTests.release.xcconfig */,
				E250B55CD703C87391973A35 /* Pods-AcronymSearchUITests.debug.xcconfig */,
				57836DB3AB9C47E305DC0A5A /* Pods-AcronymSearchUITests.release.xcconfig */,
			);
			name = Pods;
			sourceTree = "<group>";
		};
		745EDD18AF799928D71F8467 /* Frameworks */ = {
			isa = PBXGroup;
			children = (
				696126E84DA0619B86428A2E /* libPods-AcronymSearch.a */,
				E22D1C765D435D809BD0681F /* libPods-AcronymSearchTests.a */,
				95C533628116CD6C65368AB6 /* libPods-AcronymSearchUITests.a */,
			);
			name = Frameworks;
			sourceTree = "<group>";
		};
		F9115F431F2D5A5000F6D52A = {
			isa = PBXGroup;
			children = (
				F9115F4E1F2D5A5100F6D52A /* AcronymSearch */,
				F9115F681F2D5A5100F6D52A /* AcronymSearchTests */,
				F9115F731F2D5A5100F6D52A /* AcronymSearchUITests */,
				F9115F4D1F2D5A5100F6D52A /* Products */,
				360A456C131080F2B6685EB4 /* Pods */,
				745EDD18AF799928D71F8467 /* Frameworks */,
			);
			sourceTree = "<group>";
		};
		F9115F4D1F2D5A5100F6D52A /* Products */ = {
			isa = PBXGroup;
			children = (
				F9115F4C1F2D5A5100F6D52A /* AcronymSearch.app */,
				F9115F651F2D5A5100F6D52A /* AcronymSearchTests.xctest */,
				F9115F701F2D5A5100F6D52A /* AcronymSearchUITests.xctest */,
			);
			name = Products;
			sourceTree = "<group>";
		};
		F9115F4E1F2D5A5100F6D52A /* AcronymSearch */ = {
			isa = PBXGroup;
			children = (
				F9115F521F2D5A5100F6D52A /* AppDelegate.h */,
				F9115F531F2D5A5100F6D52A /* AppDelegate.m */,
				F911B6651F2E7AD2001B72BA /* Models */,
				F911B6631F2E7A3C001B72BA /* Controllers */,
				F911B6671F2E7AFD001B72BA /* ThirdParty */,
				F911B6641F2E7AB9001B72BA /* Views */,
				F9115F5B1F2D5A5100F6D52A /* Assets.xcassets */,
				F9115F5D1F2D5A5100F6D52A /* LaunchScreen.storyboard */,
				F9115F601F2D5A5100F6D52A /* Info.plist */,
				F9115F4F1F2D5A5100F6D52A /* Supporting Files */,
				F911B6661F2E7AED001B72BA /* Helper */,
			);
			path = AcronymSearch;
			sourceTree = "<group>";
		};
		F9115F4F1F2D5A5100F6D52A /* Supporting Files */ = {
			isa = PBXGroup;
			children = (
				F9115F501F2D5A5100F6D52A /* main.m */,
			);
			name = "Supporting Files";
			sourceTree = "<group>";
		};
		F9115F681F2D5A5100F6D52A /* AcronymSearchTests */ = {
			isa = PBXGroup;
			children = (
				F9115F691F2D5A5100F6D52A /* AcronymSearchTests.m */,
				F9115F6B1F2D5A5100F6D52A /* Info.plist */,
			);
			path = AcronymSearchTests;
			sourceTree = "<group>";
		};
		F9115F731F2D5A5100F6D52A /* AcronymSearchUITests */ = {
			isa = PBXGroup;
			children = (
				F9115F741F2D5A5100F6D52A /* AcronymSearchUITests.m */,
				F9115F761F2D5A5100F6D52A /* Info.plist */,
			);
			path = AcronymSearchUITests;
			sourceTree = "<group>";
		};
		F911B6631F2E7A3C001B72BA /* Controllers */ = {
			isa = PBXGroup;
			children = (
				F9115F551F2D5A5100F6D52A /* ViewController.h */,
				F9115F561F2D5A5100F6D52A /* ViewController.m */,
				F9115F851F2D5BAE00F6D52A /* SearchField.h */,
				F9115F861F2D5BAE00F6D52A /* SearchField.m */,
				F911B6601F2E71AA001B72BA /* DetailViewController.h */,
				F911B6611F2E71AA001B72BA /* DetailViewController.m */,
			);
			name = Controllers;
			sourceTree = "<group>";
		};
		F911B6641F2E7AB9001B72BA /* Views */ = {
			isa = PBXGroup;
			children = (
				F95BF4791F2E16C400AC21CC /* SearchField.xib */,
				F9115F581F2D5A5100F6D52A /* Main.storyboard */,
			);
			name = Views;
			sourceTree = "<group>";
		};
		F911B6651F2E7AD2001B72BA /* Models */ = {
			isa = PBXGroup;
			children = (
				F9115F8C1F2D63BC00F6D52A /* AcromineSearchResult.h */,
				F9115F8D1F2D63CC00F6D52A /* AcromineSearchResult.m */,
				F911B65D1F2E5363001B72BA /* LongFormObject.h */,
				F911B65E1F2E5363001B72BA /* LongFormObject.m */,
			);
			name = Models;
			sourceTree = "<group>";
		};
		F911B6661F2E7AED001B72BA /* Helper */ = {
			isa = PBXGroup;
			children = (
				F9115F8F1F2D66A500F6D52A /* AcronymHelper.h */,
				F9115F901F2D66A500F6D52A /* AcronymHelper.m */,
				F978DF161F2D776500F7818D /* NetworkController.h */,
				F978DF171F2D776500F7818D /* NetworkController.m */,
			);
			name = Helper;
			sourceTree = "<group>";
		};
		F911B6671F2E7AFD001B72BA /* ThirdParty */ = {
			isa = PBXGroup;
			children = (
				F978DF131F2D6CD500F7818D /* MBProgressHUD.h */,
				F978DF141F2D6CD500F7818D /* MBProgressHUD.m */,
			);
			name = ThirdParty;
			sourceTree = "<group>";
		};
/* End PBXGroup section */

/* Begin PBXNativeTarget section */
		F9115F4B1F2D5A5100F6D52A /* AcronymSearch */ = {
			isa = PBXNativeTarget;
			buildConfigurationList = F9115F791F2D5A5100F6D52A /* Build configuration list for PBXNativeTarget "AcronymSearch" */;
			buildPhases = (
				C9FC6E739EB336D67D1252C4 /* [CP] Check Pods Manifest.lock */,
				F9115F481F2D5A5100F6D52A /* Sources */,
				F9115F491F2D5A5100F6D52A /* Frameworks */,
				F9115F4A1F2D5A5100F6D52A /* Resources */,
				E433165F7D56E3C4473FA647 /* [CP] Embed Pods Frameworks */,
				5FDCD8F8D8E51B2A8AD5321D /* [CP] Copy Pods Resources */,
			);
			buildRules = (
			);
			dependencies = (
			);
			name = AcronymSearch;
			productName = AcronymSearch;
			productReference = F9115F4C1F2D5A5100F6D52A /* AcronymSearch.app */;
			productType = "com.apple.product-type.application";
		};
		F9115F641F2D5A5100F6D52A /* AcronymSearchTests */ = {
			isa = PBXNativeTarget;
			buildConfigurationList = F9115F7C1F2D5A5100F6D52A /* Build configuration list for PBXNativeTarget "AcronymSearchTests" */;
			buildPhases = (
				5F53872DD65953B7BE8EB1A0 /* [CP] Check Pods Manifest.lock */,
				F9115F611F2D5A5100F6D52A /* Sources */,
				F9115F621F2D5A5100F6D52A /* Frameworks */,
				F9115F631F2D5A5100F6D52A /* Resources */,
				77478CB475186299F4AFA20B /* [CP] Embed Pods Frameworks */,
				E02BD039ED127C8384392D80 /* [CP] Copy Pods Resources */,
			);
			buildRules = (
			);
			dependencies = (
				F9115F671F2D5A5100F6D52A /* PBXTargetDependency */,
			);
			name = AcronymSearchTests;
			productName = AcronymSearchTests;
			productReference = F9115F651F2D5A5100F6D52A /* AcronymSearchTests.xctest */;
			productType = "com.apple.product-type.bundle.unit-test";
		};
		F9115F6F1F2D5A5100F6D52A /* AcronymSearchUITests */ = {
			isa = PBXNativeTarget;
			buildConfigurationList = F9115F7F1F2D5A5100F6D52A /* Build configuration list for PBXNativeTarget "AcronymSearchUITests" */;
			buildPhases = (
				F45716792F686FB8FE4F5938 /* [CP] Check Pods Manifest.lock */,
				F9115F6C1F2D5A5100F6D52A /* Sources */,
				F9115F6D1F2D5A5100F6D52A /* Frameworks */,
				F9115F6E1F2D5A5100F6D52A /* Resources */,
				0EB37456DFAE53E673F60D4B /* [CP] Embed Pods Frameworks */,
				73815FB5A8704CC11CF39F09 /* [CP] Copy Pods Resources */,
			);
			buildRules = (
			);
			dependencies = (
				F9115F721F2D5A5100F6D52A /* PBXTargetDependency */,
			);
			name = AcronymSearchUITests;
			productName = AcronymSearchUITests;
			productReference = F9115F701F2D5A5100F6D52A /* AcronymSearchUITests.xctest */;
			productType = "com.apple.product-type.bundle.ui-testing";
		};
/* End PBXNativeTarget section */

/* Begin PBXProject section */
		F9115F441F2D5A5000F6D52A /* Project object */ = {
			isa = PBXProject;
			attributes = {
				LastUpgradeCheck = 0830;
				ORGANIZATIONNAME = Macys;
				TargetAttributes = {
					F9115F4B1F2D5A5100F6D52A = {
						CreatedOnToolsVersion = 8.3.3;
						ProvisioningStyle = Automatic;
					};
					F9115F641F2D5A5100F6D52A = {
						CreatedOnToolsVersion = 8.3.3;
						ProvisioningStyle = Automatic;
						TestTargetID = F9115F4B1F2D5A5100F6D52A;
					};
					F9115F6F1F2D5A5100F6D52A = {
						CreatedOnToolsVersion = 8.3.3;
						ProvisioningStyle = Automatic;
						TestTargetID = F9115F4B1F2D5A5100F6D52A;
					};
				};
			};
			buildConfigurationList = F9115F471F2D5A5000F6D52A /* Build configuration list for PBXProject "AcronymSearch" */;
			compatibilityVersion = "Xcode 3.2";
			developmentRegion = English;
			hasScannedForEncodings = 0;
			knownRegions = (
				en,
				Base,
			);
			mainGroup = F9115F431F2D5A5000F6D52A;
			productRefGroup = F9115F4D1F2D5A5100F6D52A /* Products */;
			projectDirPath = "";
			projectRoot = "";
			targets = (
				F9115F4B1F2D5A5100F6D52A /* AcronymSearch */,
				F9115F641F2D5A5100F6D52A /* AcronymSearchTests */,
				F9115F6F1F2D5A5100F6D52A /* AcronymSearchUITests */,
			);
		};
/* End PBXProject section */

/* Begin PBXResourcesBuildPhase section */
		F9115F4A1F2D5A5100F6D52A /* Resources */ = {
			isa = PBXResourcesBuildPhase;
			buildActionMask = 2147483647;
			files = (
				F9115F5F1F2D5A5100F6D52A /* LaunchScreen.storyboard in Resources */,
				F9115F5C1F2D5A5100F6D52A /* Assets.xcassets in Resources */,
				F9115F5A1F2D5A5100F6D52A /* Main.storyboard in Resources */,
				F95BF47A1F2E16C400AC21CC /* SearchField.xib in Resources */,
			);
			runOnlyForDeploymentPostprocessing = 0;
		};
		F9115F631F2D5A5100F6D52A /* Resources */ = {
			isa = PBXResourcesBuildPhase;
			buildActionMask = 2147483647;
			files = (
			);
			runOnlyForDeploymentPostprocessing = 0;
		};
		F9115F6E1F2D5A5100F6D52A /* Resources */ = {
			isa = PBXResourcesBuildPhase;
			buildActionMask = 2147483647;
			files = (
			);
			runOnlyForDeploymentPostprocessing = 0;
		};
/* End PBXResourcesBuildPhase section */

/* Begin PBXShellScriptBuildPhase section */
		0EB37456DFAE53E673F60D4B /* [CP] Embed Pods Frameworks */ = {
			isa = PBXShellScriptBuildPhase;
			buildActionMask = 2147483647;
			files = (
			);
			inputPaths = (
			);
			name = "[CP] Embed Pods Frameworks";
			outputPaths = (
			);
			runOnlyForDeploymentPostprocessing = 0;
			shellPath = /bin/sh;
			shellScript = "\"${SRCROOT}/Pods/Target Support Files/Pods-AcronymSearchUITests/Pods-AcronymSearchUITests-frameworks.sh\"\n";
			showEnvVarsInLog = 0;
		};
		5F53872DD65953B7BE8EB1A0 /* [CP] Check Pods Manifest.lock */ = {
			isa = PBXShellScriptBuildPhase;
			buildActionMask = 2147483647;
			files = (
			);
			inputPaths = (
			);
			name = "[CP] Check Pods Manifest.lock";
			outputPaths = (
			);
			runOnlyForDeploymentPostprocessing = 0;
			shellPath = /bin/sh;
			shellScript = "diff \"${PODS_PODFILE_DIR_PATH}/Podfile.lock\" \"${PODS_ROOT}/Manifest.lock\" > /dev/null\nif [ $? != 0 ] ; then\n    # print error to STDERR\n    echo \"error: The sandbox is not in sync with the Podfile.lock. Run 'pod install' or update your CocoaPods installation.\" >&2\n    exit 1\nfi\n";
			showEnvVarsInLog = 0;
		};
		5FDCD8F8D8E51B2A8AD5321D /* [CP] Copy Pods Resources */ = {
			isa = PBXShellScriptBuildPhase;
			buildActionMask = 2147483647;
			files = (
			);
			inputPaths = (
			);
			name = "[CP] Copy Pods Resources";
			outputPaths = (
			);
			runOnlyForDeploymentPostprocessing = 0;
			shellPath = /bin/sh;
			shellScript = "\"${SRCROOT}/Pods/Target Support Files/Pods-AcronymSearch/Pods-AcronymSearch-resources.sh\"\n";
			showEnvVarsInLog = 0;
		};
		73815FB5A8704CC11CF39F09 /* [CP] Copy Pods Resources */ = {
			isa = PBXShellScriptBuildPhase;
			buildActionMask = 2147483647;
			files = (
			);
			inputPaths = (
			);
			name = "[CP] Copy Pods Resources";
			outputPaths = (
			);
			runOnlyForDeploymentPostprocessing = 0;
			shellPath = /bin/sh;
			shellScript = "\"${SRCROOT}/Pods/Target Support Files/Pods-AcronymSearchUITests/Pods-AcronymSearchUITests-resources.sh\"\n";
			showEnvVarsInLog = 0;
		};
		77478CB475186299F4AFA20B /* [CP] Embed Pods Frameworks */ = {
			isa = PBXShellScriptBuildPhase;
			buildActionMask = 2147483647;
			files = (
			);
			inputPaths = (
			);
			name = "[CP] Embed Pods Frameworks";
			outputPaths = (
			);
			runOnlyForDeploymentPostprocessing = 0;
			shellPath = /bin/sh;
			shellScript = "\"${SRCROOT}/Pods/Target Support Files/Pods-AcronymSearchTests/Pods-AcronymSearchTests-frameworks.sh\"\n";
			showEnvVarsInLog = 0;
		};
		C9FC6E739EB336D67D1252C4 /* [CP] Check Pods Manifest.lock */ = {
			isa = PBXShellScriptBuildPhase;
			buildActionMask = 2147483647;
			files = (
			);
			inputPaths = (
			);
			name = "[CP] Check Pods Manifest.lock";
			outputPaths = (
			);
			runOnlyForDeploymentPostprocessing = 0;
			shellPath = /bin/sh;
			shellScript = "diff \"${PODS_PODFILE_DIR_PATH}/Podfile.lock\" \"${PODS_ROOT}/Manifest.lock\" > /dev/null\nif [ $? != 0 ] ; then\n    # print error to STDERR\n    echo \"error: The sandbox is not in sync with the Podfile.lock. Run 'pod install' or update your CocoaPods installation.\" >&2\n    exit 1\nfi\n";
			showEnvVarsInLog = 0;
		};
		E02BD039ED127C8384392D80 /* [CP] Copy Pods Resources */ = {
			isa = PBXShellScriptBuildPhase;
			buildActionMask = 2147483647;
			files = (
			);
			inputPaths = (
			);
			name = "[CP] Copy Pods Resources";
			outputPaths = (
			);
			runOnlyForDeploymentPostprocessing = 0;
			shellPath = /bin/sh;
			shellScript = "\"${SRCROOT}/Pods/Target Support Files/Pods-AcronymSearchTests/Pods-AcronymSearchTests-resources.sh\"\n";
			showEnvVarsInLog = 0;
		};
		E433165F7D56E3C4473FA647 /* [CP] Embed Pods Frameworks */ = {
			isa = PBXShellScriptBuildPhase;
			buildActionMask = 2147483647;
			files = (
			);
			inputPaths = (
			);
			name = "[CP] Embed Pods Frameworks";
			outputPaths = (
			);
			runOnlyForDeploymentPostprocessing = 0;
			shellPath = /bin/sh;
			shellScript = "\"${SRCROOT}/Pods/Target Support Files/Pods-AcronymSearch/Pods-AcronymSearch-frameworks.sh\"\n";
			showEnvVarsInLog = 0;
		};
		F45716792F686FB8FE4F5938 /* [CP] Check Pods Manifest.lock */ = {
			isa = PBXShellScriptBuildPhase;
			buildActionMask = 2147483647;
			files = (
			);
			inputPaths = (
			);
			name = "[CP] Check Pods Manifest.lock";
			outputPaths = (
			);
			runOnlyForDeploymentPostprocessing = 0;
			shellPath = /bin/sh;
			shellScript = "diff \"${PODS_PODFILE_DIR_PATH}/Podfile.lock\" \"${PODS_ROOT}/Manifest.lock\" > /dev/null\nif [ $? != 0 ] ; then\n    # print error to STDERR\n    echo \"error: The sandbox is not in sync with the Podfile.lock. Run 'pod install' or update your CocoaPods installation.\" >&2\n    exit 1\nfi\n";
			showEnvVarsInLog = 0;
		};
/* End PBXShellScriptBuildPhase section */

/* Begin PBXSourcesBuildPhase section */
		F9115F481F2D5A5100F6D52A /* Sources */ = {
			isa = PBXSourcesBuildPhase;
			buildActionMask = 2147483647;
			files = (
				F911B65F1F2E5363001B72BA /* LongFormObject.m in Sources */,
				F9115F571F2D5A5100F6D52A /* ViewController.m in Sources */,
				F9115F541F2D5A5100F6D52A /* AppDelegate.m in Sources */,
				F9115F881F2D5BAE00F6D52A /* SearchField.m in Sources */,
				F9115F8E1F2D63CC00F6D52A /* AcromineSearchResult.m in Sources */,
				F911B6621F2E71AA001B72BA /* DetailViewController.m in Sources */,
				F978DF181F2D776500F7818D /* NetworkController.m in Sources */,
				F9115F511F2D5A5100F6D52A /* main.m in Sources */,
				F9115F911F2D66A500F6D52A /* AcronymHelper.m in Sources */,
				F978DF151F2D6CD500F7818D /* MBProgressHUD.m in Sources */,
			);
			runOnlyForDeploymentPostprocessing = 0;
		};
		F9115F611F2D5A5100F6D52A /* Sources */ = {
			isa = PBXSourcesBuildPhase;
			buildActionMask = 2147483647;
			files = (
				F9115F6A1F2D5A5100F6D52A /* AcronymSearchTests.m in Sources */,
			);
			runOnlyForDeploymentPostprocessing = 0;
		};
		F9115F6C1F2D5A5100F6D52A /* Sources */ = {
			isa = PBXSourcesBuildPhase;
			buildActionMask = 2147483647;
			files = (
				F9115F751F2D5A5100F6D52A /* AcronymSearchUITests.m in Sources */,
			);
			runOnlyForDeploymentPostprocessing = 0;
		};
/* End PBXSourcesBuildPhase section */

/* Begin PBXTargetDependency section */
		F9115F671F2D5A5100F6D52A /* PBXTargetDependency */ = {
			isa = PBXTargetDependency;
			target = F9115F4B1F2D5A5100F6D52A /* AcronymSearch */;
			targetProxy = F9115F661F2D5A5100F6D52A /* PBXContainerItemProxy */;
		};
		F9115F721F2D5A5100F6D52A /* PBXTargetDependency */ = {
			isa = PBXTargetDependency;
			target = F9115F4B1F2D5A5100F6D52A /* AcronymSearch */;
			targetProxy = F9115F711F2D5A5100F6D52A /* PBXContainerItemProxy */;
		};
/* End PBXTargetDependency section */

/* Begin PBXVariantGroup section */
		F9115F581F2D5A5100F6D52A /* Main.storyboard */ = {
			isa = PBXVariantGroup;
			children = (
				F9115F591F2D5A5100F6D52A /* Base */,
			);
			name = Main.storyboard;
			sourceTree = "<group>";
		};
		F9115F5D1F2D5A5100F6D52A /* LaunchScreen.storyboard */ = {
			isa = PBXVariantGroup;
			children = (
				F9115F5E1F2D5A5100F6D52A /* Base */,
			);
			name = LaunchScreen.storyboard;
			sourceTree = "<group>";
		};
/* End PBXVariantGroup section */

/* Begin XCBuildConfiguration section */
		F9115F771F2D5A5100F6D52A /* Debug */ = {
			isa = XCBuildConfiguration;
			buildSettings = {
				ALWAYS_SEARCH_USER_PATHS = NO;
				CLANG_ANALYZER_NONNULL = YES;
				CLANG_ANALYZER_NUMBER_OBJECT_CONVERSION = YES_AGGRESSIVE;
				CLANG_CXX_LANGUAGE_STANDARD = "gnu++0x";
				CLANG_CXX_LIBRARY = "libc++";
				CLANG_ENABLE_MODULES = YES;
				CLANG_ENABLE_OBJC_ARC = YES;
				CLANG_WARN_BOOL_CONVERSION = YES;
				CLANG_WARN_CONSTANT_CONVERSION = YES;
				CLANG_WARN_DIRECT_OBJC_ISA_USAGE = YES_ERROR;
				CLANG_WARN_DOCUMENTATION_COMMENTS = YES;
				CLANG_WARN_EMPTY_BODY = YES;
				CLANG_WARN_ENUM_CONVERSION = YES;
				CLANG_WARN_INFINITE_RECURSION = YES;
				CLANG_WARN_INT_CONVERSION = YES;
				CLANG_WARN_OBJC_ROOT_CLASS = YES_ERROR;
				CLANG_WARN_SUSPICIOUS_MOVE = YES;
				CLANG_WARN_UNREACHABLE_CODE = YES;
				CLANG_WARN__DUPLICATE_METHOD_MATCH = YES;
				"CODE_SIGN_IDENTITY[sdk=iphoneos*]" = "iPhone Developer";
				COPY_PHASE_STRIP = NO;
				DEBUG_INFORMATION_FORMAT = dwarf;
				ENABLE_STRICT_OBJC_MSGSEND = YES;
				ENABLE_TESTABILITY = YES;
				GCC_C_LANGUAGE_STANDARD = gnu99;
				GCC_DYNAMIC_NO_PIC = NO;
				GCC_NO_COMMON_BLOCKS = YES;
				GCC_OPTIMIZATION_LEVEL = 0;
				GCC_PREPROCESSOR_DEFINITIONS = (
					"DEBUG=1",
					"$(inherited)",
				);
				GCC_WARN_64_TO_32_BIT_CONVERSION = YES;
				GCC_WARN_ABOUT_RETURN_TYPE = YES_ERROR;
				GCC_WARN_UNDECLARED_SELECTOR = YES;
				GCC_WARN_UNINITIALIZED_AUTOS = YES_AGGRESSIVE;
				GCC_WARN_UNUSED_FUNCTION = YES;
				GCC_WARN_UNUSED_VARIABLE = YES;
				IPHONEOS_DEPLOYMENT_TARGET = 10.3;
				MTL_ENABLE_DEBUG_INFO = YES;
				ONLY_ACTIVE_ARCH = YES;
				SDKROOT = iphoneos;
				TARGETED_DEVICE_FAMILY = "1,2";
			};
			name = Debug;
		};
		F9115F781F2D5A5100F6D52A /* Release */ = {
			isa = XCBuildConfiguration;
			buildSettings = {
				ALWAYS_SEARCH_USER_PATHS = NO;
				CLANG_ANALYZER_NONNULL = YES;
				CLANG_ANALYZER_NUMBER_OBJECT_CONVERSION = YES_AGGRESSIVE;
				CLANG_CXX_LANGUAGE_STANDARD = "gnu++0x";
				CLANG_CXX_LIBRARY = "libc++";
				CLANG_ENABLE_MODULES = YES;
				CLANG_ENABLE_OBJC_ARC = YES;
				CLANG_WARN_BOOL_CONVERSION = YES;
				CLANG_WARN_CONSTANT_CONVERSION = YES;
				CLANG_WARN_DIRECT_OBJC_ISA_USAGE = YES_ERROR;
				CLANG_WARN_DOCUMENTATION_COMMENTS = YES;
				CLANG_WARN_EMPTY_BODY = YES;
				CLANG_WARN_ENUM_CONVERSION = YES;
				CLANG_WARN_INFINITE_RECURSION = YES;
				CLANG_WARN_INT_CONVERSION = YES;
				CLANG_WARN_OBJC_ROOT_CLASS = YES_ERROR;
				CLANG_WARN_SUSPICIOUS_MOVE = YES;
				CLANG_WARN_UNREACHABLE_CODE = YES;
				CLANG_WARN__DUPLICATE_METHOD_MATCH = YES;
				"CODE_SIGN_IDENTITY[sdk=iphoneos*]" = "iPhone Developer";
				COPY_PHASE_STRIP = NO;
				DEBUG_INFORMATION_FORMAT = "dwarf-with-dsym";
				ENABLE_NS_ASSERTIONS = NO;
				ENABLE_STRICT_OBJC_MSGSEND = YES;
				GCC_C_LANGUAGE_STANDARD = gnu99;
				GCC_NO_COMMON_BLOCKS = YES;
				GCC_WARN_64_TO_32_BIT_CONVERSION = YES;
				GCC_WARN_ABOUT_RETURN_TYPE = YES_ERROR;
				GCC_WARN_UNDECLARED_SELECTOR = YES;
				GCC_WARN_UNINITIALIZED_AUTOS = YES_AGGRESSIVE;
				GCC_WARN_UNUSED_FUNCTION = YES;
				GCC_WARN_UNUSED_VARIABLE = YES;
				IPHONEOS_DEPLOYMENT_TARGET = 10.3;
				MTL_ENABLE_DEBUG_INFO = NO;
				SDKROOT = iphoneos;
				TARGETED_DEVICE_FAMILY = "1,2";
				VALIDATE_PRODUCT = YES;
			};
			name = Release;
		};
		F9115F7A1F2D5A5100F6D52A /* Debug */ = {
			isa = XCBuildConfiguration;
			baseConfigurationReference = 6BD1B31D05B1EADAB41DCE23 /* Pods-AcronymSearch.debug.xcconfig */;
			buildSettings = {
				ASSETCATALOG_COMPILER_APPICON_NAME = AppIcon;
				INFOPLIST_FILE = AcronymSearch/Info.plist;
				LD_RUNPATH_SEARCH_PATHS = "$(inherited) @executable_path/Frameworks";
				PRODUCT_BUNDLE_IDENTIFIER = com.Macys.AcronymSearch;
				PRODUCT_NAME = "$(TARGET_NAME)";
			};
			name = Debug;
		};
		F9115F7B1F2D5A5100F6D52A /* Release */ = {
			isa = XCBuildConfiguration;
			baseConfigurationReference = 6DA439AF3F40B200B77FF233 /* Pods-AcronymSearch.release.xcconfig */;
			buildSettings = {
				ASSETCATALOG_COMPILER_APPICON_NAME = AppIcon;
				INFOPLIST_FILE = AcronymSearch/Info.plist;
				LD_RUNPATH_SEARCH_PATHS = "$(inherited) @executable_path/Frameworks";
				PRODUCT_BUNDLE_IDENTIFIER = com.Macys.AcronymSearch;
				PRODUCT_NAME = "$(TARGET_NAME)";
			};
			name = Release;
		};
		F9115F7D1F2D5A5100F6D52A /* Debug */ = {
			isa = XCBuildConfiguration;
			baseConfigurationReference = 98D06DAA01A87C577E0AA62E /* Pods-AcronymSearchTests.debug.xcconfig */;
			buildSettings = {
				BUNDLE_LOADER = "$(TEST_HOST)";
				INFOPLIST_FILE = AcronymSearchTests/Info.plist;
				LD_RUNPATH_SEARCH_PATHS = "$(inherited) @executable_path/Frameworks @loader_path/Frameworks";
				PRODUCT_BUNDLE_IDENTIFIER = com.Macys.AcronymSearchTests;
				PRODUCT_NAME = "$(TARGET_NAME)";
				TEST_HOST = "$(BUILT_PRODUCTS_DIR)/AcronymSearch.app/AcronymSearch";
			};
			name = Debug;
		};
		F9115F7E1F2D5A5100F6D52A /* Release */ = {
			isa = XCBuildConfiguration;
			baseConfigurationReference = 90D104A1BD1815CEECF9FA67 /* Pods-AcronymSearchTests.release.xcconfig */;
			buildSettings = {
				BUNDLE_LOADER = "$(TEST_HOST)";
				INFOPLIST_FILE = AcronymSearchTests/Info.plist;
				LD_RUNPATH_SEARCH_PATHS = "$(inherited) @executable_path/Frameworks @loader_path/Frameworks";
				PRODUCT_BUNDLE_IDENTIFIER = com.Macys.AcronymSearchTests;
				PRODUCT_NAME = "$(TARGET_NAME)";
				TEST_HOST = "$(BUILT_PRODUCTS_DIR)/AcronymSearch.app/AcronymSearch";
			};
			name = Release;
		};
		F9115F801F2D5A5100F6D52A /* Debug */ = {
			isa = XCBuildConfiguration;
			baseConfigurationReference = E250B55CD703C87391973A35 /* Pods-AcronymSearchUITests.debug.xcconfig */;
			buildSettings = {
				INFOPLIST_FILE = AcronymSearchUITests/Info.plist;
				LD_RUNPATH_SEARCH_PATHS = "$(inherited) @executable_path/Frameworks @loader_path/Frameworks";
				PRODUCT_BUNDLE_IDENTIFIER = com.Macys.AcronymSearchUITests;
				PRODUCT_NAME = "$(TARGET_NAME)";
				TEST_TARGET_NAME = AcronymSearch;
			};
			name = Debug;
		};
		F9115F811F2D5A5100F6D52A /* Release */ = {
			isa = XCBuildConfiguration;
			baseConfigurationReference = 57836DB3AB9C47E305DC0A5A /* Pods-AcronymSearchUITests.release.xcconfig */;
			buildSettings = {
				INFOPLIST_FILE = AcronymSearchUITests/Info.plist;
				LD_RUNPATH_SEARCH_PATHS = "$(inherited) @executable_path/Frameworks @loader_path/Frameworks";
				PRODUCT_BUNDLE_IDENTIFIER = com.Macys.AcronymSearchUITests;
				PRODUCT_NAME = "$(TARGET_NAME)";
				TEST_TARGET_NAME = AcronymSearch;
			};
			name = Release;
		};
/* End XCBuildConfiguration section */

/* Begin XCConfigurationList section */
		F9115F471F2D5A5000F6D52A /* Build configuration list for PBXProject "AcronymSearch" */ = {
			isa = XCConfigurationList;
			buildConfigurations = (
				F9115F771F2D5A5100F6D52A /* Debug */,
				F9115F781F2D5A5100F6D52A /* Release */,
			);
			defaultConfigurationIsVisible = 0;
			defaultConfigurationName = Release;
		};
		F9115F791F2D5A5100F6D52A /* Build configuration list for PBXNativeTarget "AcronymSearch" */ = {
			isa = XCConfigurationList;
			buildConfigurations = (
				F9115F7A1F2D5A5100F6D52A /* Debug */,
				F9115F7B1F2D5A5100F6D52A /* Release */,
			);
			defaultConfigurationIsVisible = 0;
			defaultConfigurationName = Release;
		};
		F9115F7C1F2D5A5100F6D52A /* Build configuration list for PBXNativeTarget "AcronymSearchTests" */ = {
			isa = XCConfigurationList;
			buildConfigurations = (
				F9115F7D1F2D5A5100F6D52A /* Debug */,
				F9115F7E1F2D5A5100F6D52A /* Release */,
			);
			defaultConfigurationIsVisible = 0;
			defaultConfigurationName = Release;
		};
		F9115F7F1F2D5A5100F6D52A /* Build configuration list for PBXNativeTarget "AcronymSearchUITests" */ = {
			isa = XCConfigurationList;
			buildConfigurations = (
				F9115F801F2D5A5100F6D52A /* Debug */,
				F9115F811F2D5A5100F6D52A /* Release */,
			);
			defaultConfigurationIsVisible = 0;
			defaultConfigurationName = Release;
		};
/* End XCConfigurationList section */
	};
	rootObject = F9115F441F2D5A5000F6D52A /* Project object */;
}
